
Microsoft Visual Studio Solution File, Format Version 12.00
# Visual Studio Version 16
VisualStudioVersion = 16.0.30128.74
MinimumVisualStudioVersion = 10.0.40219.1
Project("{FAE04EC0-301F-11D3-BF4B-00C04F79EFBC}") = "Stenden Weerstation", "Stenden Weerstation\Stenden Weerstation.csproj", "{47E771CC-05D4-4187-A39A-236F5BA25A25}"
	ProjectSection(ProjectDependencies) = postProject
		{4ED07ADC-D026-4EAF-8914-EC4C9401BC1B} = {4ED07ADC-D026-4EAF-8914-EC4C9401BC1B}
	EndProjectSection
EndProject
Project("{FAE04EC0-301F-11D3-BF4B-00C04F79EFBC}") = "WebAPIController", "WebAPIController\WebAPIController.csproj", "{4ED07ADC-D026-4EAF-8914-EC4C9401BC1B}"
EndProject
Global
	GlobalSection(SolutionConfigurationPlatforms) = preSolution
		Debug|Any CPU = Debug|Any CPU
		Release|Any CPU = Release|Any CPU
	EndGlobalSection
	GlobalSection(ProjectConfigurationPlatforms) = postSolution
		{47E771CC-05D4-4187-A39A-236F5BA25A25}.Debug|Any CPU.ActiveCfg = Debug|Any CPU
		{47E771CC-05D4-4187-A39A-236F5BA25A25}.Debug|Any CPU.Build.0 = Debug|Any CPU
		{47E771CC-05D4-4187-A39A-236F5BA25A25}.Release|Any CPU.ActiveCfg = Release|Any CPU
		{47E771CC-05D4-4187-A39A-236F5BA25A25}.Release|Any CPU.Build.0 = Release|Any CPU
		{4ED07ADC-D026-4EAF-8914-EC4C9401BC1B}.Debug|Any CPU.ActiveCfg = Debug|Any CPU
		{4ED07ADC-D026-4EAF-8914-EC4C9401BC1B}.Debug|Any CPU.Build.0 = Debug|Any CPU
		{4ED07ADC-D026-4EAF-8914-EC4C9401BC1B}.Release|Any CPU.ActiveCfg = Release|Any CPU
		{4ED07ADC-D026-4EAF-8914-EC4C9401BC1B}.Release|Any CPU.Build.0 = Release|Any CPU
	EndGlobalSection
	GlobalSection(SolutionProperties) = preSolution
		HideSolutionNode = FALSE
	EndGlobalSection
	GlobalSection(ExtensibilityGlobals) = postSolution
		SolutionGuid = {FE495580-A967-465A-9099-7F188D3DA75F}
	EndGlobalSection
EndGlobal
